
Microsoft Visual Studio Solution File, Format Version 12.00
# Visual Studio Version 17
VisualStudioVersion = 17.6.33712.159
MinimumVisualStudioVersion = 10.0.40219.1
Project("{FAE04EC0-301F-11D3-BF4B-00C04F79EFBC}") = "NLMK.Client", "NLMK.Client\NLMK.Client.csproj", "{1C277D9B-7EFC-4E48-860A-ED8A731893F8}"
EndProject
Project("{FAE04EC0-301F-11D3-BF4B-00C04F79EFBC}") = "NLMK.WebApi", "NLMK.WebApi\NLMK.WebApi.csproj", "{A5A993AF-EB86-41EB-855B-577E77773B44}"
EndProject
Global
	GlobalSection(SolutionConfigurationPlatforms) = preSolution
		Debug|Any CPU = Debug|Any CPU
		Release|Any CPU = Release|Any CPU
	EndGlobalSection
	GlobalSection(ProjectConfigurationPlatforms) = postSolution
		{1C277D9B-7EFC-4E48-860A-ED8A731893F8}.Debug|Any CPU.ActiveCfg = Debug|Any CPU
		{1C277D9B-7EFC-4E48-860A-ED8A731893F8}.Debug|Any CPU.Build.0 = Debug|Any CPU
		{1C277D9B-7EFC-4E48-860A-ED8A731893F8}.Release|Any CPU.ActiveCfg = Release|Any CPU
		{1C277D9B-7EFC-4E48-860A-ED8A731893F8}.Release|Any CPU.Build.0 = Release|Any CPU
		{A5A993AF-EB86-41EB-855B-577E77773B44}.Debug|Any CPU.ActiveCfg = Debug|Any CPU
		{A5A993AF-EB86-41EB-855B-577E77773B44}.Debug|Any CPU.Build.0 = Debug|Any CPU
		{A5A993AF-EB86-41EB-855B-577E77773B44}.Release|Any CPU.ActiveCfg = Release|Any CPU
		{A5A993AF-EB86-41EB-855B-577E77773B44}.Release|Any CPU.Build.0 = Release|Any CPU
	EndGlobalSection
	GlobalSection(SolutionProperties) = preSolution
		HideSolutionNode = FALSE
	EndGlobalSection
	GlobalSection(ExtensibilityGlobals) = postSolution
		SolutionGuid = {78EE7B9B-8B69-4877-9609-F77360013FAF}
	EndGlobalSection
EndGlobal
